
Microsoft Visual Studio Solution File, Format Version 12.00
# Visual Studio Version 17
VisualStudioVersion = 17.2.32616.157
MinimumVisualStudioVersion = 10.0.40219.1
Project("{9A19103F-16F7-4668-BE54-9A1E7A4F7556}") = "KW.Domain", "KW.Domain\KW.Domain.csproj", "{2DFF6A50-D4B3-4D57-B0C4-0ECAC938F6A5}"
EndProject
Project("{2150E333-8FDC-42A3-9474-1A3956D46DE8}") = "Solution Items", "Solution Items", "{4F704490-5A4C-4121-82AD-2777F6CD96DE}"
	ProjectSection(SolutionItems) = preProject
		README.md = README.md
	EndProjectSection
EndProject
Project("{2150E333-8FDC-42A3-9474-1A3956D46DE8}") = "Src", "Src", "{D6341FF7-1D5F-449F-8168-B96035921FBA}"
EndProject
Project("{2150E333-8FDC-42A3-9474-1A3956D46DE8}") = "Tests", "Tests", "{1B1C8F58-7949-41D8-8DED-DEC0CE0D65EB}"
EndProject
Project("{2150E333-8FDC-42A3-9474-1A3956D46DE8}") = "Core", "Core", "{94A51CD6-C94E-4FD2-B340-6FF0E9BB3397}"
EndProject
Project("{9A19103F-16F7-4668-BE54-9A1E7A4F7556}") = "KW.Application", "KW.Application\KW.Application.csproj", "{1480D246-25A3-487C-9220-CA1E9C3F9A47}"
EndProject
Project("{9A19103F-16F7-4668-BE54-9A1E7A4F7556}") = "KW.Shared", "KW.Shared\KW.Shared.csproj", "{D2DDE6F8-DF5A-429B-A2D6-02A4441F24D4}"
EndProject
Project("{9A19103F-16F7-4668-BE54-9A1E7A4F7556}") = "KW.Infrastructure", "KW.Infrastructure\KW.Infrastructure.csproj", "{8AF4E44D-4397-436B-9DBB-2AD39F60336A}"
EndProject
Project("{9A19103F-16F7-4668-BE54-9A1E7A4F7556}") = "KW.Api", "KW.Api\KW.Api.csproj", "{010028F7-D7DF-4298-8308-93E666B3A141}"
EndProject
Project("{2150E333-8FDC-42A3-9474-1A3956D46DE8}") = "MailingService", "MailingService", "{D654BD29-EEA3-4EE8-8786-189694A42B48}"
EndProject
Project("{9A19103F-16F7-4668-BE54-9A1E7A4F7556}") = "KW.MailingService.Api", "KW.MailingService\KW.MailingService.Api.csproj", "{A6FAF91B-B6DB-4BFC-B40B-B74AA54F83DF}"
EndProject
Project("{9A19103F-16F7-4668-BE54-9A1E7A4F7556}") = "KW.MailingService.Application", "KW.MailingService.Application\KW.MailingService.Application.csproj", "{BAA5617B-0145-4C88-BE08-99D46381BDB4}"
EndProject
Project("{9A19103F-16F7-4668-BE54-9A1E7A4F7556}") = "KW.MailingService.Infrastructure", "KW.MailingService.Infrastructure\KW.MailingService.Infrastructure.csproj", "{D484E1C8-F4DC-4075-8352-171C0E524A8F}"
EndProject
Project("{2150E333-8FDC-42A3-9474-1A3956D46DE8}") = "FileStorageService", "FileStorageService", "{AEE3A3CC-A126-43CB-9097-0B1B4CA814B4}"
EndProject
Project("{9A19103F-16F7-4668-BE54-9A1E7A4F7556}") = "KW.FS.Application", "KW.FS.Application\KW.FS.Application.csproj", "{01F851DE-0A56-445E-87E1-C5EC7C49ACBE}"
EndProject
Project("{9A19103F-16F7-4668-BE54-9A1E7A4F7556}") = "KW.FS.Infrastructure", "KW.FS.Infrastructure\KW.FS.Infrastructure.csproj", "{4AAC47D4-7AD1-40EB-8B6D-CBEE3963AF18}"
EndProject
Project("{9A19103F-16F7-4668-BE54-9A1E7A4F7556}") = "KW.FS.Api", "KW.FS.Api\KW.FS.Api.csproj", "{74F6E9F2-4CDD-4CE4-A867-854F1CAD7311}"
EndProject
Project("{2150E333-8FDC-42A3-9474-1A3956D46DE8}") = "Frontend", "Frontend", "{4CA13185-3921-44F1-9DDD-FE64C3CB6D43}"
EndProject
Project("{FAE04EC0-301F-11D3-BF4B-00C04F79EFBC}") = "KW.WebUI", "KW.WebUI\KW.WebUI.csproj", "{33C3D9E1-6212-48F4-A1D1-6E2D395F67FA}"
EndProject
Global
	GlobalSection(SolutionConfigurationPlatforms) = preSolution
		Debug|Any CPU = Debug|Any CPU
		Release|Any CPU = Release|Any CPU
	EndGlobalSection
	GlobalSection(ProjectConfigurationPlatforms) = postSolution
		{2DFF6A50-D4B3-4D57-B0C4-0ECAC938F6A5}.Debug|Any CPU.ActiveCfg = Debug|Any CPU
		{2DFF6A50-D4B3-4D57-B0C4-0ECAC938F6A5}.Debug|Any CPU.Build.0 = Debug|Any CPU
		{2DFF6A50-D4B3-4D57-B0C4-0ECAC938F6A5}.Release|Any CPU.ActiveCfg = Release|Any CPU
		{2DFF6A50-D4B3-4D57-B0C4-0ECAC938F6A5}.Release|Any CPU.Build.0 = Release|Any CPU
		{1480D246-25A3-487C-9220-CA1E9C3F9A47}.Debug|Any CPU.ActiveCfg = Debug|Any CPU
		{1480D246-25A3-487C-9220-CA1E9C3F9A47}.Debug|Any CPU.Build.0 = Debug|Any CPU
		{1480D246-25A3-487C-9220-CA1E9C3F9A47}.Release|Any CPU.ActiveCfg = Release|Any CPU
		{1480D246-25A3-487C-9220-CA1E9C3F9A47}.Release|Any CPU.Build.0 = Release|Any CPU
		{D2DDE6F8-DF5A-429B-A2D6-02A4441F24D4}.Debug|Any CPU.ActiveCfg = Debug|Any CPU
		{D2DDE6F8-DF5A-429B-A2D6-02A4441F24D4}.Debug|Any CPU.Build.0 = Debug|Any CPU
		{D2DDE6F8-DF5A-429B-A2D6-02A4441F24D4}.Release|Any CPU.ActiveCfg = Release|Any CPU
		{D2DDE6F8-DF5A-429B-A2D6-02A4441F24D4}.Release|Any CPU.Build.0 = Release|Any CPU
		{8AF4E44D-4397-436B-9DBB-2AD39F60336A}.Debug|Any CPU.ActiveCfg = Debug|Any CPU
		{8AF4E44D-4397-436B-9DBB-2AD39F60336A}.Debug|Any CPU.Build.0 = Debug|Any CPU
		{8AF4E44D-4397-436B-9DBB-2AD39F60336A}.Release|Any CPU.ActiveCfg = Release|Any CPU
		{8AF4E44D-4397-436B-9DBB-2AD39F60336A}.Release|Any CPU.Build.0 = Release|Any CPU
		{010028F7-D7DF-4298-8308-93E666B3A141}.Debug|Any CPU.ActiveCfg = Debug|Any CPU
		{010028F7-D7DF-4298-8308-93E666B3A141}.Debug|Any CPU.Build.0 = Debug|Any CPU
		{010028F7-D7DF-4298-8308-93E666B3A141}.Release|Any CPU.ActiveCfg = Release|Any CPU
		{010028F7-D7DF-4298-8308-93E666B3A141}.Release|Any CPU.Build.0 = Release|Any CPU
		{A6FAF91B-B6DB-4BFC-B40B-B74AA54F83DF}.Debug|Any CPU.ActiveCfg = Debug|Any CPU
		{A6FAF91B-B6DB-4BFC-B40B-B74AA54F83DF}.Debug|Any CPU.Build.0 = Debug|Any CPU
		{A6FAF91B-B6DB-4BFC-B40B-B74AA54F83DF}.Release|Any CPU.ActiveCfg = Release|Any CPU
		{A6FAF91B-B6DB-4BFC-B40B-B74AA54F83DF}.Release|Any CPU.Build.0 = Release|Any CPU
		{BAA5617B-0145-4C88-BE08-99D46381BDB4}.Debug|Any CPU.ActiveCfg = Debug|Any CPU
		{BAA5617B-0145-4C88-BE08-99D46381BDB4}.Debug|Any CPU.Build.0 = Debug|Any CPU
		{BAA5617B-0145-4C88-BE08-99D46381BDB4}.Release|Any CPU.ActiveCfg = Release|Any CPU
		{BAA5617B-0145-4C88-BE08-99D46381BDB4}.Release|Any CPU.Build.0 = Release|Any CPU
		{D484E1C8-F4DC-4075-8352-171C0E524A8F}.Debug|Any CPU.ActiveCfg = Debug|Any CPU
		{D484E1C8-F4DC-4075-8352-171C0E524A8F}.Debug|Any CPU.Build.0 = Debug|Any CPU
		{D484E1C8-F4DC-4075-8352-171C0E524A8F}.Release|Any CPU.ActiveCfg = Release|Any CPU
		{D484E1C8-F4DC-4075-8352-171C0E524A8F}.Release|Any CPU.Build.0 = Release|Any CPU
		{01F851DE-0A56-445E-87E1-C5EC7C49ACBE}.Debug|Any CPU.ActiveCfg = Debug|Any CPU
		{01F851DE-0A56-445E-87E1-C5EC7C49ACBE}.Debug|Any CPU.Build.0 = Debug|Any CPU
		{01F851DE-0A56-445E-87E1-C5EC7C49ACBE}.Release|Any CPU.ActiveCfg = Release|Any CPU
		{01F851DE-0A56-445E-87E1-C5EC7C49ACBE}.Release|Any CPU.Build.0 = Release|Any CPU
		{4AAC47D4-7AD1-40EB-8B6D-CBEE3963AF18}.Debug|Any CPU.ActiveCfg = Debug|Any CPU
		{4AAC47D4-7AD1-40EB-8B6D-CBEE3963AF18}.Debug|Any CPU.Build.0 = Debug|Any CPU
		{4AAC47D4-7AD1-40EB-8B6D-CBEE3963AF18}.Release|Any CPU.ActiveCfg = Release|Any CPU
		{4AAC47D4-7AD1-40EB-8B6D-CBEE3963AF18}.Release|Any CPU.Build.0 = Release|Any CPU
		{74F6E9F2-4CDD-4CE4-A867-854F1CAD7311}.Debug|Any CPU.ActiveCfg = Debug|Any CPU
		{74F6E9F2-4CDD-4CE4-A867-854F1CAD7311}.Debug|Any CPU.Build.0 = Debug|Any CPU
		{74F6E9F2-4CDD-4CE4-A867-854F1CAD7311}.Release|Any CPU.ActiveCfg = Release|Any CPU
		{74F6E9F2-4CDD-4CE4-A867-854F1CAD7311}.Release|Any CPU.Build.0 = Release|Any CPU
		{33C3D9E1-6212-48F4-A1D1-6E2D395F67FA}.Debug|Any CPU.ActiveCfg = Debug|Any CPU
		{33C3D9E1-6212-48F4-A1D1-6E2D395F67FA}.Debug|Any CPU.Build.0 = Debug|Any CPU
		{33C3D9E1-6212-48F4-A1D1-6E2D395F67FA}.Release|Any CPU.ActiveCfg = Release|Any CPU
		{33C3D9E1-6212-48F4-A1D1-6E2D395F67FA}.Release|Any CPU.Build.0 = Release|Any CPU
	EndGlobalSection
	GlobalSection(SolutionProperties) = preSolution
		HideSolutionNode = FALSE
	EndGlobalSection
	GlobalSection(NestedProjects) = preSolution
		{2DFF6A50-D4B3-4D57-B0C4-0ECAC938F6A5} = {94A51CD6-C94E-4FD2-B340-6FF0E9BB3397}
		{94A51CD6-C94E-4FD2-B340-6FF0E9BB3397} = {D6341FF7-1D5F-449F-8168-B96035921FBA}
		{1480D246-25A3-487C-9220-CA1E9C3F9A47} = {94A51CD6-C94E-4FD2-B340-6FF0E9BB3397}
		{D2DDE6F8-DF5A-429B-A2D6-02A4441F24D4} = {94A51CD6-C94E-4FD2-B340-6FF0E9BB3397}
		{8AF4E44D-4397-436B-9DBB-2AD39F60336A} = {D6341FF7-1D5F-449F-8168-B96035921FBA}
		{010028F7-D7DF-4298-8308-93E666B3A141} = {D6341FF7-1D5F-449F-8168-B96035921FBA}
		{D654BD29-EEA3-4EE8-8786-189694A42B48} = {D6341FF7-1D5F-449F-8168-B96035921FBA}
		{A6FAF91B-B6DB-4BFC-B40B-B74AA54F83DF} = {D654BD29-EEA3-4EE8-8786-189694A42B48}
		{BAA5617B-0145-4C88-BE08-99D46381BDB4} = {D654BD29-EEA3-4EE8-8786-189694A42B48}
		{D484E1C8-F4DC-4075-8352-171C0E524A8F} = {D654BD29-EEA3-4EE8-8786-189694A42B48}
		{AEE3A3CC-A126-43CB-9097-0B1B4CA814B4} = {D6341FF7-1D5F-449F-8168-B96035921FBA}
		{01F851DE-0A56-445E-87E1-C5EC7C49ACBE} = {AEE3A3CC-A126-43CB-9097-0B1B4CA814B4}
		{4AAC47D4-7AD1-40EB-8B6D-CBEE3963AF18} = {AEE3A3CC-A126-43CB-9097-0B1B4CA814B4}
		{74F6E9F2-4CDD-4CE4-A867-854F1CAD7311} = {AEE3A3CC-A126-43CB-9097-0B1B4CA814B4}
		{4CA13185-3921-44F1-9DDD-FE64C3CB6D43} = {D6341FF7-1D5F-449F-8168-B96035921FBA}
		{33C3D9E1-6212-48F4-A1D1-6E2D395F67FA} = {4CA13185-3921-44F1-9DDD-FE64C3CB6D43}
	EndGlobalSection
	GlobalSection(ExtensibilityGlobals) = postSolution
		SolutionGuid = {EA2EFB71-EFE1-46F8-94C7-AE963AE13755}
	EndGlobalSection
EndGlobal
